
Microsoft Visual Studio Solution File, Format Version 12.00
# Visual Studio Version 17
VisualStudioVersion = 17.13.35919.96 d17.13
MinimumVisualStudioVersion = 10.0.40219.1
Project("{FAE04EC0-301F-11D3-BF4B-00C04F79EFBC}") = "Bai1Lab1.3", "Bai1Lab1.3\Bai1Lab1.3.csproj", "{ED62E5CB-A0B7-4C7C-8571-4622B4D96191}"
EndProject
Global
	GlobalSection(SolutionConfigurationPlatforms) = preSolution
		Debug|Any CPU = Debug|Any CPU
		Release|Any CPU = Release|Any CPU
	EndGlobalSection
	GlobalSection(ProjectConfigurationPlatforms) = postSolution
		{ED62E5CB-A0B7-4C7C-8571-4622B4D96191}.Debug|Any CPU.ActiveCfg = Debug|Any CPU
		{ED62E5CB-A0B7-4C7C-8571-4622B4D96191}.Debug|Any CPU.Build.0 = Debug|Any CPU
		{ED62E5CB-A0B7-4C7C-8571-4622B4D96191}.Release|Any CPU.ActiveCfg = Release|Any CPU
		{ED62E5CB-A0B7-4C7C-8571-4622B4D96191}.Release|Any CPU.Build.0 = Release|Any CPU
	EndGlobalSection
	GlobalSection(SolutionProperties) = preSolution
		HideSolutionNode = FALSE
	EndGlobalSection
	GlobalSection(ExtensibilityGlobals) = postSolution
		SolutionGuid = {D31D362D-DBAC-422B-9C82-9777F33FB8F3}
	EndGlobalSection
EndGlobal
