
Microsoft Visual Studio Solution File, Format Version 12.00
# Visual Studio Version 17
VisualStudioVersion = 17.13.35919.96 d17.13
MinimumVisualStudioVersion = 10.0.40219.1
Project("{FAE04EC0-301F-11D3-BF4B-00C04F79EFBC}") = "Bai6", "Bai6\Bai6.csproj", "{F64C7590-B4D7-42D9-86D5-DF3FA30D9C83}"
EndProject
Global
	GlobalSection(SolutionConfigurationPlatforms) = preSolution
		Debug|Any CPU = Debug|Any CPU
		Release|Any CPU = Release|Any CPU
	EndGlobalSection
	GlobalSection(ProjectConfigurationPlatforms) = postSolution
		{F64C7590-B4D7-42D9-86D5-DF3FA30D9C83}.Debug|Any CPU.ActiveCfg = Debug|Any CPU
		{F64C7590-B4D7-42D9-86D5-DF3FA30D9C83}.Debug|Any CPU.Build.0 = Debug|Any CPU
		{F64C7590-B4D7-42D9-86D5-DF3FA30D9C83}.Release|Any CPU.ActiveCfg = Release|Any CPU
		{F64C7590-B4D7-42D9-86D5-DF3FA30D9C83}.Release|Any CPU.Build.0 = Release|Any CPU
	EndGlobalSection
	GlobalSection(SolutionProperties) = preSolution
		HideSolutionNode = FALSE
	EndGlobalSection
	GlobalSection(ExtensibilityGlobals) = postSolution
		SolutionGuid = {53A25403-8622-4A6A-8663-8E8FEAC963AF}
	EndGlobalSection
EndGlobal
